
Microsoft Visual Studio Solution File, Format Version 12.00
# Visual Studio 14
VisualStudioVersion = 14.0.24720.0
MinimumVisualStudioVersion = 10.0.40219.1
Project("{FAE04EC0-301F-11D3-BF4B-00C04F79EFBC}") = "TestScript", "TestScript\TestScript.csproj", "{7D93654B-5978-4922-9CC4-20DEEF9D954E}"
EndProject
Project("{FAE04EC0-301F-11D3-BF4B-00C04F79EFBC}") = "CaseTrigger", "CaseTrigger\CaseTrigger.csproj", "{87E05DEB-14FF-4577-9F4D-469203CA41C8}"
EndProject
Project("{FAE04EC0-301F-11D3-BF4B-00C04F79EFBC}") = "CaseRunner", "CaseRunner\CaseRunner.csproj", "{9B7E432C-D793-4B11-8160-1B52E2F2E76D}"
EndProject
Project("{FAE04EC0-301F-11D3-BF4B-00C04F79EFBC}") = "CaseRunnerModel", "CaseRunnerModel\CaseRunnerModel.csproj", "{FD156A54-42B2-4BE1-819C-80660E9F4507}"
EndProject
Global
	GlobalSection(SolutionConfigurationPlatforms) = preSolution
		Debug|Any CPU = Debug|Any CPU
		Release|Any CPU = Release|Any CPU
	EndGlobalSection
	GlobalSection(ProjectConfigurationPlatforms) = postSolution
		{7D93654B-5978-4922-9CC4-20DEEF9D954E}.Debug|Any CPU.ActiveCfg = Debug|Any CPU
		{7D93654B-5978-4922-9CC4-20DEEF9D954E}.Debug|Any CPU.Build.0 = Debug|Any CPU
		{7D93654B-5978-4922-9CC4-20DEEF9D954E}.Release|Any CPU.ActiveCfg = Release|Any CPU
		{7D93654B-5978-4922-9CC4-20DEEF9D954E}.Release|Any CPU.Build.0 = Release|Any CPU
		{87E05DEB-14FF-4577-9F4D-469203CA41C8}.Debug|Any CPU.ActiveCfg = Debug|Any CPU
		{87E05DEB-14FF-4577-9F4D-469203CA41C8}.Debug|Any CPU.Build.0 = Debug|Any CPU
		{87E05DEB-14FF-4577-9F4D-469203CA41C8}.Release|Any CPU.ActiveCfg = Release|Any CPU
		{87E05DEB-14FF-4577-9F4D-469203CA41C8}.Release|Any CPU.Build.0 = Release|Any CPU
		{9B7E432C-D793-4B11-8160-1B52E2F2E76D}.Debug|Any CPU.ActiveCfg = Debug|Any CPU
		{9B7E432C-D793-4B11-8160-1B52E2F2E76D}.Debug|Any CPU.Build.0 = Debug|Any CPU
		{9B7E432C-D793-4B11-8160-1B52E2F2E76D}.Release|Any CPU.ActiveCfg = Release|Any CPU
		{9B7E432C-D793-4B11-8160-1B52E2F2E76D}.Release|Any CPU.Build.0 = Release|Any CPU
		{FD156A54-42B2-4BE1-819C-80660E9F4507}.Debug|Any CPU.ActiveCfg = Debug|Any CPU
		{FD156A54-42B2-4BE1-819C-80660E9F4507}.Debug|Any CPU.Build.0 = Debug|Any CPU
		{FD156A54-42B2-4BE1-819C-80660E9F4507}.Release|Any CPU.ActiveCfg = Release|Any CPU
		{FD156A54-42B2-4BE1-819C-80660E9F4507}.Release|Any CPU.Build.0 = Release|Any CPU
	EndGlobalSection
	GlobalSection(SolutionProperties) = preSolution
		HideSolutionNode = FALSE
	EndGlobalSection
EndGlobal
